// !$*UTF8*$!
{
	archiveVersion = 1;
	classes = {
	};
	objectVersion = 56;
	objects = {

/* Begin PBXBuildFile section */
		E8924F702A292425001C4B2F /* FacebookUIApp.swift in Sources */ = {isa = PBXBuildFile; fileRef = E8924F6F2A292425001C4B2F /* FacebookUIApp.swift */; };
		E8924F722A292425001C4B2F /* ContentView.swift in Sources */ = {isa = PBXBuildFile; fileRef = E8924F712A292425001C4B2F /* ContentView.swift */; };
		E8924F742A292427001C4B2F /* Assets.xcassets in Resources */ = {isa = PBXBuildFile; fileRef = E8924F732A292427001C4B2F /* Assets.xcassets */; };
		E8924F772A292427001C4B2F /* Preview Assets.xcassets in Resources */ = {isa = PBXBuildFile; fileRef = E8924F762A292427001C4B2F /* Preview Assets.xcassets */; };
		E8924F812A292427001C4B2F /* FacebookUITests.swift in Sources */ = {isa = PBXBuildFile; fileRef = E8924F802A292427001C4B2F /* FacebookUITests.swift */; };
		E8924F8B2A292427001C4B2F /* FacebookUIUITests.swift in Sources */ = {isa = PBXBuildFile; fileRef = E8924F8A2A292427001C4B2F /* FacebookUIUITests.swift */; };
		E8924F8D2A292427001C4B2F /* FacebookUIUITestsLaunchTests.swift in Sources */ = {isa = PBXBuildFile; fileRef = E8924F8C2A292427001C4B2F /* FacebookUIUITestsLaunchTests.swift */; };
/* End PBXBuildFile section */

/* Begin PBXContainerItemProxy section */
		E8924F7D2A292427001C4B2F /* PBXContainerItemProxy */ = {
			isa = PBXContainerItemProxy;
			containerPortal = E8924F642A292425001C4B2F /* Project object */;
			proxyType = 1;
			remoteGlobalIDString = E8924F6B2A292425001C4B2F;
			remoteInfo = FacebookUI;
		};
		E8924F872A292427001C4B2F /* PBXContainerItemProxy */ = {
			isa = PBXContainerItemProxy;
			containerPortal = E8924F642A292425001C4B2F /* Project object */;
			proxyType = 1;
			remoteGlobalIDString = E8924F6B2A292425001C4B2F;
			remoteInfo = FacebookUI;
		};
/* End PBXContainerItemProxy section */

/* Begin PBXFileReference section */
		E8924F6C2A292425001C4B2F /* FacebookUI.app */ = {isa = PBXFileReference; explicitFileType = wrapper.application; includeInIndex = 0; path = FacebookUI.app; sourceTree = BUILT_PRODUCTS_DIR; };
		E8924F6F2A292425001C4B2F /* FacebookUIApp.swift */ = {isa = PBXFileReference; lastKnownFileType = sourcecode.swift; path = FacebookUIApp.swift; sourceTree = "<group>"; };
		E8924F712A292425001C4B2F /* ContentView.swift */ = {isa = PBXFileReference; lastKnownFileType = sourcecode.swift; path = ContentView.swift; sourceTree = "<group>"; };
		E8924F732A292427001C4B2F /* Assets.xcassets */ = {isa = PBXFileReference; lastKnownFileType = folder.assetcatalog; path = Assets.xcassets; sourceTree = "<group>"; };
		E8924F762A292427001C4B2F /* Preview Assets.xcassets */ = {isa = PBXFileReference; lastKnownFileType = folder.assetcatalog; path = "Preview Assets.xcassets"; sourceTree = "<group>"; };
		E8924F7C2A292427001C4B2F /* FacebookUITests.xctest */ = {isa = PBXFileReference; explicitFileType = wrapper.cfbundle; includeInIndex = 0; path = FacebookUITests.xctest; sourceTree = BUILT_PRODUCTS_DIR; };
		E8924F802A292427001C4B2F /* FacebookUITests.swift */ = {isa = PBXFileReference; lastKnownFileType = sourcecode.swift; path = FacebookUITests.swift; sourceTree = "<group>"; };
		E8924F862A292427001C4B2F /* FacebookUIUITests.xctest */ = {isa = PBXFileReference; explicitFileType = wrapper.cfbundle; includeInIndex = 0; path = FacebookUIUITests.xctest; sourceTree = BUILT_PRODUCTS_DIR; };
		E8924F8A2A292427001C4B2F /* FacebookUIUITests.swift */ = {isa = PBXFileReference; lastKnownFileType = sourcecode.swift; path = FacebookUIUITests.swift; sourceTree = "<group>"; };
		E8924F8C2A292427001C4B2F /* FacebookUIUITestsLaunchTests.swift */ = {isa = PBXFileReference; lastKnownFileType = sourcecode.swift; path = FacebookUIUITestsLaunchTests.swift; sourceTree = "<group>"; };
/* End PBXFileReference section */

/* Begin PBXFrameworksBuildPhase section */
		E8924F692A292425001C4B2F /* Frameworks */ = {
			isa = PBXFrameworksBuildPhase;
			buildActionMask = 2147483647;
			files = (
			);
			runOnlyForDeploymentPostprocessing = 0;
		};
		E8924F792A292427001C4B2F /* Frameworks */ = {
			isa = PBXFrameworksBuildPhase;
			buildActionMask = 2147483647;
			files = (
			);
			runOnlyForDeploymentPostprocessing = 0;
		};
		E8924F832A292427001C4B2F /* Frameworks */ = {
			isa = PBXFrameworksBuildPhase;
			buildActionMask = 2147483647;
			files = (
			);
			runOnlyForDeploymentPostprocessing = 0;
		};
/* End PBXFrameworksBuildPhase section */

/* Begin PBXGroup section */
		E8924F632A292425001C4B2F = {
			isa = PBXGroup;
			children = (
				E8924F6E2A292425001C4B2F /* FacebookUI */,
				E8924F7F2A292427001C4B2F /* FacebookUITests */,
				E8924F892A292427001C4B2F /* FacebookUIUITests */,
				E8924F6D2A292425001C4B2F /* Products */,
			);
			sourceTree = "<group>";
		};
		E8924F6D2A292425001C4B2F /* Products */ = {
			isa = PBXGroup;
			children = (
				E8924F6C2A292425001C4B2F /* FacebookUI.app */,
				E8924F7C2A292427001C4B2F /* FacebookUITests.xctest */,
				E8924F862A292427001C4B2F /* FacebookUIUITests.xctest */,
			);
			name = Products;
			sourceTree = "<group>";
		};
		E8924F6E2A292425001C4B2F /* FacebookUI */ = {
			isa = PBXGroup;
			children = (
				E8924F6F2A292425001C4B2F /* FacebookUIApp.swift */,
				E8924F712A292425001C4B2F /* ContentView.swift */,
				E8924F732A292427001C4B2F /* Assets.xcassets */,
				E8924F752A292427001C4B2F /* Preview Content */,
			);
			path = FacebookUI;
			sourceTree = "<group>";
		};
		E8924F752A292427001C4B2F /* Preview Content */ = {
			isa = PBXGroup;
			children = (
				E8924F762A292427001C4B2F /* Preview Assets.xcassets */,
			);
			path = "Preview Content";
			sourceTree = "<group>";
		};
		E8924F7F2A292427001C4B2F /* FacebookUITests */ = {
			isa = PBXGroup;
			children = (
				E8924F802A292427001C4B2F /* FacebookUITests.swift */,
			);
			path = FacebookUITests;
			sourceTree = "<group>";
		};
		E8924F892A292427001C4B2F /* FacebookUIUITests */ = {
			isa = PBXGroup;
			children = (
				E8924F8A2A292427001C4B2F /* FacebookUIUITests.swift */,
				E8924F8C2A292427001C4B2F /* FacebookUIUITestsLaunchTests.swift */,
			);
			path = FacebookUIUITests;
			sourceTree = "<group>";
		};
/* End PBXGroup section */

/* Begin PBXNativeTarget section */
		E8924F6B2A292425001C4B2F /* FacebookUI */ = {
			isa = PBXNativeTarget;
			buildConfigurationList = E8924F902A292427001C4B2F /* Build configuration list for PBXNativeTarget "FacebookUI" */;
			buildPhases = (
				E8924F682A292425001C4B2F /* Sources */,
				E8924F692A292425001C4B2F /* Frameworks */,
				E8924F6A2A292425001C4B2F /* Resources */,
			);
			buildRules = (
			);
			dependencies = (
			);
			name = FacebookUI;
			productName = FacebookUI;
			productReference = E8924F6C2A292425001C4B2F /* FacebookUI.app */;
			productType = "com.apple.product-type.application";
		};
		E8924F7B2A292427001C4B2F /* FacebookUITests */ = {
			isa = PBXNativeTarget;
			buildConfigurationList = E8924F932A292427001C4B2F /* Build configuration list for PBXNativeTarget "FacebookUITests" */;
			buildPhases = (
				E8924F782A292427001C4B2F /* Sources */,
				E8924F792A292427001C4B2F /* Frameworks */,
				E8924F7A2A292427001C4B2F /* Resources */,
			);
			buildRules = (
			);
			dependencies = (
				E8924F7E2A292427001C4B2F /* PBXTargetDependency */,
			);
			name = FacebookUITests;
			productName = FacebookUITests;
			productReference = E8924F7C2A292427001C4B2F /* FacebookUITests.xctest */;
			productType = "com.apple.product-type.bundle.unit-test";
		};
		E8924F852A292427001C4B2F /* FacebookUIUITests */ = {
			isa = PBXNativeTarget;
			buildConfigurationList = E8924F962A292427001C4B2F /* Build configuration list for PBXNativeTarget "FacebookUIUITests" */;
			buildPhases = (
				E8924F822A292427001C4B2F /* Sources */,
				E8924F832A292427001C4B2F /* Frameworks */,
				E8924F842A292427001C4B2F /* Resources */,
			);
			buildRules = (
			);
			dependencies = (
				E8924F882A292427001C4B2F /* PBXTargetDependency */,
			);
			name = FacebookUIUITests;
			productName = FacebookUIUITests;
			productReference = E8924F862A292427001C4B2F /* FacebookUIUITests.xctest */;
			productType = "com.apple.product-type.bundle.ui-testing";
		};
/* End PBXNativeTarget section */

/* Begin PBXProject section */
		E8924F642A292425001C4B2F /* Project object */ = {
			isa = PBXProject;
			attributes = {
				BuildIndependentTargetsInParallel = 1;
				LastSwiftUpdateCheck = 1430;
				LastUpgradeCheck = 1430;
				TargetAttributes = {
					E8924F6B2A292425001C4B2F = {
						CreatedOnToolsVersion = 14.3;
					};
					E8924F7B2A292427001C4B2F = {
						CreatedOnToolsVersion = 14.3;
						TestTargetID = E8924F6B2A292425001C4B2F;
					};
					E8924F852A292427001C4B2F = {
						CreatedOnToolsVersion = 14.3;
						TestTargetID = E8924F6B2A292425001C4B2F;
					};
				};
			};
			buildConfigurationList = E8924F672A292425001C4B2F /* Build configuration list for PBXProject "FacebookUI" */;
			compatibilityVersion = "Xcode 14.0";
			developmentRegion = en;
			hasScannedForEncodings = 0;
			knownRegions = (
				en,
				Base,
			);
			mainGroup = E8924F632A292425001C4B2F;
			productRefGroup = E8924F6D2A292425001C4B2F /* Products */;
			projectDirPath = "";
			projectRoot = "";
			targets = (
				E8924F6B2A292425001C4B2F /* FacebookUI */,
				E8924F7B2A292427001C4B2F /* FacebookUITests */,
				E8924F852A292427001C4B2F /* FacebookUIUITests */,
			);
		};
/* End PBXProject section */

/* Begin PBXResourcesBuildPhase section */
		E8924F6A2A292425001C4B2F /* Resources */ = {
			isa = PBXResourcesBuildPhase;
			buildActionMask = 2147483647;
			files = (
				E8924F772A292427001C4B2F /* Preview Assets.xcassets in Resources */,
				E8924F742A292427001C4B2F /* Assets.xcassets in Resources */,
			);
			runOnlyForDeploymentPostprocessing = 0;
		};
		E8924F7A2A292427001C4B2F /* Resources */ = {
			isa = PBXResourcesBuildPhase;
			buildActionMask = 2147483647;
			files = (
			);
			runOnlyForDeploymentPostprocessing = 0;
		};
		E8924F842A292427001C4B2F /* Resources */ = {
			isa = PBXResourcesBuildPhase;
			buildActionMask = 2147483647;
			files = (
			);
			runOnlyForDeploymentPostprocessing = 0;
		};
/* End PBXResourcesBuildPhase section */

/* Begin PBXSourcesBuildPhase section */
		E8924F682A292425001C4B2F /* Sources */ = {
			isa = PBXSourcesBuildPhase;
			buildActionMask = 2147483647;
			files = (
				E8924F722A292425001C4B2F /* ContentView.swift in Sources */,
				E8924F702A292425001C4B2F /* FacebookUIApp.swift in Sources */,
			);
			runOnlyForDeploymentPostprocessing = 0;
		};
		E8924F782A292427001C4B2F /* Sources */ = {
			isa = PBXSourcesBuildPhase;
			buildActionMask = 2147483647;
			files = (
				E8924F812A292427001C4B2F /* FacebookUITests.swift in Sources */,
			);
			runOnlyForDeploymentPostprocessing = 0;
		};
		E8924F822A292427001C4B2F /* Sources */ = {
			isa = PBXSourcesBuildPhase;
			buildActionMask = 2147483647;
			files = (
				E8924F8D2A292427001C4B2F /* FacebookUIUITestsLaunchTests.swift in Sources */,
				E8924F8B2A292427001C4B2F /* FacebookUIUITests.swift in Sources */,
			);
			runOnlyForDeploymentPostprocessing = 0;
		};
/* End PBXSourcesBuildPhase section */

/* Begin PBXTargetDependency section */
		E8924F7E2A292427001C4B2F /* PBXTargetDependency */ = {
			isa = PBXTargetDependency;
			target = E8924F6B2A292425001C4B2F /* FacebookUI */;
			targetProxy = E8924F7D2A292427001C4B2F /* PBXContainerItemProxy */;
		};
		E8924F882A292427001C4B2F /* PBXTargetDependency */ = {
			isa = PBXTargetDependency;
			target = E8924F6B2A292425001C4B2F /* FacebookUI */;
			targetProxy = E8924F872A292427001C4B2F /* PBXContainerItemProxy */;
		};
/* End PBXTargetDependency section */

/* Begin XCBuildConfiguration section */
		E8924F8E2A292427001C4B2F /* Debug */ = {
			isa = XCBuildConfiguration;
			buildSettings = {
				ALWAYS_SEARCH_USER_PATHS = NO;
				CLANG_ANALYZER_NONNULL = YES;
				CLANG_ANALYZER_NUMBER_OBJECT_CONVERSION = YES_AGGRESSIVE;
				CLANG_CXX_LANGUAGE_STANDARD = "gnu++20";
				CLANG_ENABLE_MODULES = YES;
				CLANG_ENABLE_OBJC_ARC = YES;
				CLANG_ENABLE_OBJC_WEAK = YES;
				CLANG_WARN_BLOCK_CAPTURE_AUTORELEASING = YES;
				CLANG_WARN_BOOL_CONVERSION = YES;
				CLANG_WARN_COMMA = YES;
				CLANG_WARN_CONSTANT_CONVERSION = YES;
				CLANG_WARN_DEPRECATED_OBJC_IMPLEMENTATIONS = YES;
				CLANG_WARN_DIRECT_OBJC_ISA_USAGE = YES_ERROR;
				CLANG_WARN_DOCUMENTATION_COMMENTS = YES;
				CLANG_WARN_EMPTY_BODY = YES;
				CLANG_WARN_ENUM_CONVERSION = YES;
				CLANG_WARN_INFINITE_RECURSION = YES;
				CLANG_WARN_INT_CONVERSION = YES;
				CLANG_WARN_NON_LITERAL_NULL_CONVERSION = YES;
				CLANG_WARN_OBJC_IMPLICIT_RETAIN_SELF = YES;
				CLANG_WARN_OBJC_LITERAL_CONVERSION = YES;
				CLANG_WARN_OBJC_ROOT_CLASS = YES_ERROR;
				CLANG_WARN_QUOTED_INCLUDE_IN_FRAMEWORK_HEADER = YES;
				CLANG_WARN_RANGE_LOOP_ANALYSIS = YES;
				CLANG_WARN_STRICT_PROTOTYPES = YES;
				CLANG_WARN_SUSPICIOUS_MOVE = YES;
				CLANG_WARN_UNGUARDED_AVAILABILITY = YES_AGGRESSIVE;
				CLANG_WARN_UNREACHABLE_CODE = YES;
				CLANG_WARN__DUPLICATE_METHOD_MATCH = YES;
				COPY_PHASE_STRIP = NO;
				DEBUG_INFORMATION_FORMAT = dwarf;
				ENABLE_STRICT_OBJC_MSGSEND = YES;
				ENABLE_TESTABILITY = YES;
				GCC_C_LANGUAGE_STANDARD = gnu11;
				GCC_DYNAMIC_NO_PIC = NO;
				GCC_NO_COMMON_BLOCKS = YES;
				GCC_OPTIMIZATION_LEVEL = 0;
				GCC_PREPROCESSOR_DEFINITIONS = (
					"DEBUG=1",
					"$(inherited)",
				);
				GCC_WARN_64_TO_32_BIT_CONVERSION = YES;
				GCC_WARN_ABOUT_RETURN_TYPE = YES_ERROR;
				GCC_WARN_UNDECLARED_SELECTOR = YES;
				GCC_WARN_UNINITIALIZED_AUTOS = YES_AGGRESSIVE;
				GCC_WARN_UNUSED_FUNCTION = YES;
				GCC_WARN_UNUSED_VARIABLE = YES;
				IPHONEOS_DEPLOYMENT_TARGET = 16.4;
				MTL_ENABLE_DEBUG_INFO = INCLUDE_SOURCE;
				MTL_FAST_MATH = YES;
				ONLY_ACTIVE_ARCH = YES;
				SDKROOT = iphoneos;
				SWIFT_ACTIVE_COMPILATION_CONDITIONS = DEBUG;
				SWIFT_OPTIMIZATION_LEVEL = "-Onone";
			};
			name = Debug;
		};
		E8924F8F2A292427001C4B2F /* Release */ = {
			isa = XCBuildConfiguration;
			buildSettings = {
				ALWAYS_SEARCH_USER_PATHS = NO;
				CLANG_ANALYZER_NONNULL = YES;
				CLANG_ANALYZER_NUMBER_OBJECT_CONVERSION = YES_AGGRESSIVE;
				CLANG_CXX_LANGUAGE_STANDARD = "gnu++20";
				CLANG_ENABLE_MODULES = YES;
				CLANG_ENABLE_OBJC_ARC = YES;
				CLANG_ENABLE_OBJC_WEAK = YES;
				CLANG_WARN_BLOCK_CAPTURE_AUTORELEASING = YES;
				CLANG_WARN_BOOL_CONVERSION = YES;
				CLANG_WARN_COMMA = YES;
				CLANG_WARN_CONSTANT_CONVERSION = YES;
				CLANG_WARN_DEPRECATED_OBJC_IMPLEMENTATIONS = YES;
				CLANG_WARN_DIRECT_OBJC_ISA_USAGE = YES_ERROR;
				CLANG_WARN_DOCUMENTATION_COMMENTS = YES;
				CLANG_WARN_EMPTY_BODY = YES;
				CLANG_WARN_ENUM_CONVERSION = YES;
				CLANG_WARN_INFINITE_RECURSION = YES;
				CLANG_WARN_INT_CONVERSION = YES;
				CLANG_WARN_NON_LITERAL_NULL_CONVERSION = YES;
				CLANG_WARN_OBJC_IMPLICIT_RETAIN_SELF = YES;
				CLANG_WARN_OBJC_LITERAL_CONVERSION = YES;
				CLANG_WARN_OBJC_ROOT_CLASS = YES_ERROR;
				CLANG_WARN_QUOTED_INCLUDE_IN_FRAMEWORK_HEADER = YES;
				CLANG_WARN_RANGE_LOOP_ANALYSIS = YES;
				CLANG_WARN_STRICT_PROTOTYPES = YES;
				CLANG_WARN_SUSPICIOUS_MOVE = YES;
				CLANG_WARN_UNGUARDED_AVAILABILITY = YES_AGGRESSIVE;
				CLANG_WARN_UNREACHABLE_CODE = YES;
				CLANG_WARN__DUPLICATE_METHOD_MATCH = YES;
				COPY_PHASE_STRIP = NO;
				DEBUG_INFORMATION_FORMAT = "dwarf-with-dsym";
				ENABLE_NS_ASSERTIONS = NO;
				ENABLE_STRICT_OBJC_MSGSEND = YES;
				GCC_C_LANGUAGE_STANDARD = gnu11;
				GCC_NO_COMMON_BLOCKS = YES;
				GCC_WARN_64_TO_32_BIT_CONVERSION = YES;
				GCC_WARN_ABOUT_RETURN_TYPE = YES_ERROR;
				GCC_WARN_UNDECLARED_SELECTOR = YES;
				GCC_WARN_UNINITIALIZED_AUTOS = YES_AGGRESSIVE;
				GCC_WARN_UNUSED_FUNCTION = YES;
				GCC_WARN_UNUSED_VARIABLE = YES;
				IPHONEOS_DEPLOYMENT_TARGET = 16.4;
				MTL_ENABLE_DEBUG_INFO = NO;
				MTL_FAST_MATH = YES;
				SDKROOT = iphoneos;
				SWIFT_COMPILATION_MODE = wholemodule;
				SWIFT_OPTIMIZATION_LEVEL = "-O";
				VALIDATE_PRODUCT = YES;
			};
			name = Release;
		};
		E8924F912A292427001C4B2F /* Debug */ = {
			isa = XCBuildConfiguration;
			buildSettings = {
				ASSETCATALOG_COMPILER_APPICON_NAME = AppIcon;
				ASSETCATALOG_COMPILER_GLOBAL_ACCENT_COLOR_NAME = AccentColor;
				CODE_SIGN_STYLE = Automatic;
				CURRENT_PROJECT_VERSION = 1;
				DEVELOPMENT_ASSET_PATHS = "\"FacebookUI/Preview Content\"";
				ENABLE_PREVIEWS = YES;
				GENERATE_INFOPLIST_FILE = YES;
				INFOPLIST_KEY_UIApplicationSceneManifest_Generation = YES;
				INFOPLIST_KEY_UIApplicationSupportsIndirectInputEvents = YES;
				INFOPLIST_KEY_UILaunchScreen_Generation = YES;
				INFOPLIST_KEY_UISupportedInterfaceOrientations_iPad = "UIInterfaceOrientationPortrait UIInterfaceOrientationPortraitUpsideDown UIInterfaceOrientationLandscapeLeft UIInterfaceOrientationLandscapeRight";
				INFOPLIST_KEY_UISupportedInterfaceOrientations_iPhone = "UIInterfaceOrientationPortrait UIInterfaceOrientationLandscapeLeft UIInterfaceOrientationLandscapeRight";
				LD_RUNPATH_SEARCH_PATHS = (
					"$(inherited)",
					"@executable_path/Frameworks",
				);
				MARKETING_VERSION = 1.0;
				PRODUCT_BUNDLE_IDENTIFIER = Learn.FacebookUI;
				PRODUCT_NAME = "$(TARGET_NAME)";
				SWIFT_EMIT_LOC_STRINGS = YES;
				SWIFT_VERSION = 5.0;
				TARGETED_DEVICE_FAMILY = "1,2";
			};
			name = Debug;
		};
		E8924F922A292427001C4B2F /* Release */ = {
			isa = XCBuildConfiguration;
			buildSettings = {
				ASSETCATALOG_COMPILER_APPICON_NAME = AppIcon;
				ASSETCATALOG_COMPILER_GLOBAL_ACCENT_COLOR_NAME = AccentColor;
				CODE_SIGN_STYLE = Automatic;
				CURRENT_PROJECT_VERSION = 1;
				DEVELOPMENT_ASSET_PATHS = "\"FacebookUI/Preview Content\"";
				ENABLE_PREVIEWS = YES;
				GENERATE_INFOPLIST_FILE = YES;
				INFOPLIST_KEY_UIApplicationSceneManifest_Generation = YES;
				INFOPLIST_KEY_UIApplicationSupportsIndirectInputEvents = YES;
				INFOPLIST_KEY_UILaunchScreen_Generation = YES;
				INFOPLIST_KEY_UISupportedInterfaceOrientations_iPad = "UIInterfaceOrientationPortrait UIInterfaceOrientationPortraitUpsideDown UIInterfaceOrientationLandscapeLeft UIInterfaceOrientationLandscapeRight";
				INFOPLIST_KEY_UISupportedInterfaceOrientations_iPhone = "UIInterfaceOrientationPortrait UIInterfaceOrientationLandscapeLeft UIInterfaceOrientationLandscapeRight";
				LD_RUNPATH_SEARCH_PATHS = (
					"$(inherited)",
					"@executable_path/Frameworks",
				);
				MARKETING_VERSION = 1.0;
				PRODUCT_BUNDLE_IDENTIFIER = Learn.FacebookUI;
				PRODUCT_NAME = "$(TARGET_NAME)";
				SWIFT_EMIT_LOC_STRINGS = YES;
				SWIFT_VERSION = 5.0;
				TARGETED_DEVICE_FAMILY = "1,2";
			};
			name = Release;
		};
		E8924F942A292427001C4B2F /* Debug */ = {
			isa = XCBuildConfiguration;
			buildSettings = {
				ALWAYS_EMBED_SWIFT_STANDARD_LIBRARIES = YES;
				BUNDLE_LOADER = "$(TEST_HOST)";
				CODE_SIGN_STYLE = Automatic;
				CURRENT_PROJECT_VERSION = 1;
				GENERATE_INFOPLIST_FILE = YES;
				IPHONEOS_DEPLOYMENT_TARGET = 16.4;
				MARKETING_VERSION = 1.0;
				PRODUCT_BUNDLE_IDENTIFIER = Learn.FacebookUITests;
				PRODUCT_NAME = "$(TARGET_NAME)";
				SWIFT_EMIT_LOC_STRINGS = NO;
				SWIFT_VERSION = 5.0;
				TARGETED_DEVICE_FAMILY = "1,2";
				TEST_HOST = "$(BUILT_PRODUCTS_DIR)/FacebookUI.app/$(BUNDLE_EXECUTABLE_FOLDER_PATH)/FacebookUI";
			};
			name = Debug;
		};
		E8924F952A292427001C4B2F /* Release */ = {
			isa = XCBuildConfiguration;
			buildSettings = {
				ALWAYS_EMBED_SWIFT_STANDARD_LIBRARIES = YES;
				BUNDLE_LOADER = "$(TEST_HOST)";
				CODE_SIGN_STYLE = Automatic;
				CURRENT_PROJECT_VERSION = 1;
				GENERATE_INFOPLIST_FILE = YES;
				IPHONEOS_DEPLOYMENT_TARGET = 16.4;
				MARKETING_VERSION = 1.0;
				PRODUCT_BUNDLE_IDENTIFIER = Learn.FacebookUITests;
				PRODUCT_NAME = "$(TARGET_NAME)";
				SWIFT_EMIT_LOC_STRINGS = NO;
				SWIFT_VERSION = 5.0;
				TARGETED_DEVICE_FAMILY = "1,2";
				TEST_HOST = "$(BUILT_PRODUCTS_DIR)/FacebookUI.app/$(BUNDLE_EXECUTABLE_FOLDER_PATH)/FacebookUI";
			};
			name = Release;
		};
		E8924F972A292427001C4B2F /* Debug */ = {
			isa = XCBuildConfiguration;
			buildSettings = {
				ALWAYS_EMBED_SWIFT_STANDARD_LIBRARIES = YES;
				CODE_SIGN_STYLE = Automatic;
				CURRENT_PROJECT_VERSION = 1;
				GENERATE_INFOPLIST_FILE = YES;
				MARKETING_VERSION = 1.0;
				PRODUCT_BUNDLE_IDENTIFIER = Learn.FacebookUIUITests;
				PRODUCT_NAME = "$(TARGET_NAME)";
				SWIFT_EMIT_LOC_STRINGS = NO;
				SWIFT_VERSION = 5.0;
				TARGETED_DEVICE_FAMILY = "1,2";
				TEST_TARGET_NAME = FacebookUI;
			};
			name = Debug;
		};
		E8924F982A292427001C4B2F /* Release */ = {
			isa = XCBuildConfiguration;
			buildSettings = {
				ALWAYS_EMBED_SWIFT_STANDARD_LIBRARIES = YES;
				CODE_SIGN_STYLE = Automatic;
				CURRENT_PROJECT_VERSION = 1;
				GENERATE_INFOPLIST_FILE = YES;
				MARKETING_VERSION = 1.0;
				PRODUCT_BUNDLE_IDENTIFIER = Learn.FacebookUIUITests;
				PRODUCT_NAME = "$(TARGET_NAME)";
				SWIFT_EMIT_LOC_STRINGS = NO;
				SWIFT_VERSION = 5.0;
				TARGETED_DEVICE_FAMILY = "1,2";
				TEST_TARGET_NAME = FacebookUI;
			};
			name = Release;
		};
/* End XCBuildConfiguration section */

/* Begin XCConfigurationList section */
		E8924F672A292425001C4B2F /* Build configuration list for PBXProject "FacebookUI" */ = {
			isa = XCConfigurationList;
			buildConfigurations = (
				E8924F8E2A292427001C4B2F /* Debug */,
				E8924F8F2A292427001C4B2F /* Release */,
			);
			defaultConfigurationIsVisible = 0;
			defaultConfigurationName = Release;
		};
		E8924F902A292427001C4B2F /* Build configuration list for PBXNativeTarget "FacebookUI" */ = {
			isa = XCConfigurationList;
			buildConfigurations = (
				E8924F912A292427001C4B2F /* Debug */,
				E8924F922A292427001C4B2F /* Release */,
			);
			defaultConfigurationIsVisible = 0;
			defaultConfigurationName = Release;
		};
		E8924F932A292427001C4B2F /* Build configuration list for PBXNativeTarget "FacebookUITests" */ = {
			isa = XCConfigurationList;
			buildConfigurations = (
				E8924F942A292427001C4B2F /* Debug */,
				E8924F952A292427001C4B2F /* Release */,
			);
			defaultConfigurationIsVisible = 0;
			defaultConfigurationName = Release;
		};
		E8924F962A292427001C4B2F /* Build configuration list for PBXNativeTarget "FacebookUIUITests" */ = {
			isa = XCConfigurationList;
			buildConfigurations = (
				E8924F972A292427001C4B2F /* Debug */,
				E8924F982A292427001C4B2F /* Release */,
			);
			defaultConfigurationIsVisible = 0;
			defaultConfigurationName = Release;
		};
/* End XCConfigurationList section */
	};
	rootObject = E8924F642A292425001C4B2F /* Project object */;
}
